
Microsoft Visual Studio Solution File, Format Version 12.00
# Visual Studio Version 17
VisualStudioVersion = 17.6.33829.357
MinimumVisualStudioVersion = 10.0.40219.1
Project("{FAE04EC0-301F-11D3-BF4B-00C04F79EFBC}") = "Ecommerce", "Ecommerce\Ecommerce.csproj", "{9336229F-868C-484D-9FBB-2E0B0FB1B7A3}"
EndProject
Global
	GlobalSection(SolutionConfigurationPlatforms) = preSolution
		Debug|Any CPU = Debug|Any CPU
		Release|Any CPU = Release|Any CPU
	EndGlobalSection
	GlobalSection(ProjectConfigurationPlatforms) = postSolution
		{9336229F-868C-484D-9FBB-2E0B0FB1B7A3}.Debug|Any CPU.ActiveCfg = Debug|Any CPU
		{9336229F-868C-484D-9FBB-2E0B0FB1B7A3}.Debug|Any CPU.Build.0 = Debug|Any CPU
		{9336229F-868C-484D-9FBB-2E0B0FB1B7A3}.Release|Any CPU.ActiveCfg = Release|Any CPU
		{9336229F-868C-484D-9FBB-2E0B0FB1B7A3}.Release|Any CPU.Build.0 = Release|Any CPU
	EndGlobalSection
	GlobalSection(SolutionProperties) = preSolution
		HideSolutionNode = FALSE
	EndGlobalSection
	GlobalSection(ExtensibilityGlobals) = postSolution
		SolutionGuid = {D5E1F2A8-CD14-4CFB-B964-4090981A0006}
	EndGlobalSection
EndGlobal
